
Microsoft Visual Studio Solution File, Format Version 12.00
# Visual Studio Version 16
VisualStudioVersion = 16.0.29905.134
MinimumVisualStudioVersion = 10.0.40219.1
Project("{2150E333-8FDC-42A3-9474-1A3956D46DE8}") = "CMakePredefinedTargets", "CMakePredefinedTargets", "{3E726C35-8746-3C2A-B359-23C1F516736C}"
EndProject
Project("{2150E333-8FDC-42A3-9474-1A3956D46DE8}") = "GLFW3", "GLFW3", "{0C3F39D8-CFC8-3375-8DC9-856DA61BCA21}"
EndProject
Project("{8BC9CEB8-8B4A-11D0-8D11-00A0C91BC942}") = "ALL_BUILD", "ALL_BUILD.vcxproj", "{82B05DDF-52A1-32D3-9F04-942D45C878CA}"
	ProjectSection(ProjectDependencies) = postProject
		{7BC6A3B0-A033-3F0B-BCE4-2456129EA04F} = {7BC6A3B0-A033-3F0B-BCE4-2456129EA04F}
		{8EB4BD96-CF33-3B03-802B-891F8D97326B} = {8EB4BD96-CF33-3B03-802B-891F8D97326B}
		{49F03DC4-576E-343C-A643-B109F4F699FC} = {49F03DC4-576E-343C-A643-B109F4F699FC}
		{A995B88F-35B2-38FE-9244-45ED964D0600} = {A995B88F-35B2-38FE-9244-45ED964D0600}
		{E76EB1DD-F5EB-3EF5-83DC-302451815248} = {E76EB1DD-F5EB-3EF5-83DC-302451815248}
		{CECAAFB9-87B2-389E-A7AC-6D55CDB0810C} = {CECAAFB9-87B2-389E-A7AC-6D55CDB0810C}
		{098BBA92-0405-38A8-A35B-D8F8C6A5B53E} = {098BBA92-0405-38A8-A35B-D8F8C6A5B53E}
	EndProjectSection
EndProject
Project("{8BC9CEB8-8B4A-11D0-8D11-00A0C91BC942}") = "ZERO_CHECK", "ZERO_CHECK.vcxproj", "{7BC6A3B0-A033-3F0B-BCE4-2456129EA04F}"
EndProject
Project("{8BC9CEB8-8B4A-11D0-8D11-00A0C91BC942}") = "glfw", "libs\yocto_gui\glfw\src\glfw.vcxproj", "{8EB4BD96-CF33-3B03-802B-891F8D97326B}"
	ProjectSection(ProjectDependencies) = postProject
		{7BC6A3B0-A033-3F0B-BCE4-2456129EA04F} = {7BC6A3B0-A033-3F0B-BCE4-2456129EA04F}
	EndProjectSection
EndProject
Project("{8BC9CEB8-8B4A-11D0-8D11-00A0C91BC942}") = "yocto", "libs\yocto\yocto.vcxproj", "{49F03DC4-576E-343C-A643-B109F4F699FC}"
	ProjectSection(ProjectDependencies) = postProject
		{7BC6A3B0-A033-3F0B-BCE4-2456129EA04F} = {7BC6A3B0-A033-3F0B-BCE4-2456129EA04F}
	EndProjectSection
EndProject
Project("{8BC9CEB8-8B4A-11D0-8D11-00A0C91BC942}") = "yocto_gui", "libs\yocto_gui\yocto_gui.vcxproj", "{A995B88F-35B2-38FE-9244-45ED964D0600}"
	ProjectSection(ProjectDependencies) = postProject
		{7BC6A3B0-A033-3F0B-BCE4-2456129EA04F} = {7BC6A3B0-A033-3F0B-BCE4-2456129EA04F}
		{8EB4BD96-CF33-3B03-802B-891F8D97326B} = {8EB4BD96-CF33-3B03-802B-891F8D97326B}
	EndProjectSection
EndProject
Project("{8BC9CEB8-8B4A-11D0-8D11-00A0C91BC942}") = "yocto_trace", "libs\yocto_raytrace\yocto_trace.vcxproj", "{E76EB1DD-F5EB-3EF5-83DC-302451815248}"
	ProjectSection(ProjectDependencies) = postProject
		{7BC6A3B0-A033-3F0B-BCE4-2456129EA04F} = {7BC6A3B0-A033-3F0B-BCE4-2456129EA04F}
		{49F03DC4-576E-343C-A643-B109F4F699FC} = {49F03DC4-576E-343C-A643-B109F4F699FC}
	EndProjectSection
EndProject
Project("{8BC9CEB8-8B4A-11D0-8D11-00A0C91BC942}") = "ysceneitraces", "apps\ysceneitraces\ysceneitraces.vcxproj", "{CECAAFB9-87B2-389E-A7AC-6D55CDB0810C}"
	ProjectSection(ProjectDependencies) = postProject
		{7BC6A3B0-A033-3F0B-BCE4-2456129EA04F} = {7BC6A3B0-A033-3F0B-BCE4-2456129EA04F}
		{8EB4BD96-CF33-3B03-802B-891F8D97326B} = {8EB4BD96-CF33-3B03-802B-891F8D97326B}
		{49F03DC4-576E-343C-A643-B109F4F699FC} = {49F03DC4-576E-343C-A643-B109F4F699FC}
		{A995B88F-35B2-38FE-9244-45ED964D0600} = {A995B88F-35B2-38FE-9244-45ED964D0600}
		{E76EB1DD-F5EB-3EF5-83DC-302451815248} = {E76EB1DD-F5EB-3EF5-83DC-302451815248}
	EndProjectSection
EndProject
Project("{8BC9CEB8-8B4A-11D0-8D11-00A0C91BC942}") = "yscenetrace", "apps\yscenetrace\yscenetrace.vcxproj", "{098BBA92-0405-38A8-A35B-D8F8C6A5B53E}"
	ProjectSection(ProjectDependencies) = postProject
		{7BC6A3B0-A033-3F0B-BCE4-2456129EA04F} = {7BC6A3B0-A033-3F0B-BCE4-2456129EA04F}
		{49F03DC4-576E-343C-A643-B109F4F699FC} = {49F03DC4-576E-343C-A643-B109F4F699FC}
		{E76EB1DD-F5EB-3EF5-83DC-302451815248} = {E76EB1DD-F5EB-3EF5-83DC-302451815248}
	EndProjectSection
EndProject
Global
	GlobalSection(SolutionConfigurationPlatforms) = preSolution
		Debug|x64 = Debug|x64
		MinSizeRel|x64 = MinSizeRel|x64
		Release|x64 = Release|x64
		RelWithDebInfo|x64 = RelWithDebInfo|x64
	EndGlobalSection
	GlobalSection(ProjectConfigurationPlatforms) = postSolution
		{82B05DDF-52A1-32D3-9F04-942D45C878CA}.Debug|x64.ActiveCfg = Debug|x64
		{82B05DDF-52A1-32D3-9F04-942D45C878CA}.MinSizeRel|x64.ActiveCfg = MinSizeRel|x64
		{82B05DDF-52A1-32D3-9F04-942D45C878CA}.Release|x64.ActiveCfg = Release|x64
		{82B05DDF-52A1-32D3-9F04-942D45C878CA}.Release|x64.Build.0 = Release|x64
		{82B05DDF-52A1-32D3-9F04-942D45C878CA}.RelWithDebInfo|x64.ActiveCfg = RelWithDebInfo|x64
		{7BC6A3B0-A033-3F0B-BCE4-2456129EA04F}.Debug|x64.ActiveCfg = Debug|x64
		{7BC6A3B0-A033-3F0B-BCE4-2456129EA04F}.Debug|x64.Build.0 = Debug|x64
		{7BC6A3B0-A033-3F0B-BCE4-2456129EA04F}.MinSizeRel|x64.ActiveCfg = MinSizeRel|x64
		{7BC6A3B0-A033-3F0B-BCE4-2456129EA04F}.MinSizeRel|x64.Build.0 = MinSizeRel|x64
		{7BC6A3B0-A033-3F0B-BCE4-2456129EA04F}.Release|x64.ActiveCfg = Release|x64
		{7BC6A3B0-A033-3F0B-BCE4-2456129EA04F}.Release|x64.Build.0 = Release|x64
		{7BC6A3B0-A033-3F0B-BCE4-2456129EA04F}.RelWithDebInfo|x64.ActiveCfg = RelWithDebInfo|x64
		{7BC6A3B0-A033-3F0B-BCE4-2456129EA04F}.RelWithDebInfo|x64.Build.0 = RelWithDebInfo|x64
		{8EB4BD96-CF33-3B03-802B-891F8D97326B}.Debug|x64.ActiveCfg = Debug|x64
		{8EB4BD96-CF33-3B03-802B-891F8D97326B}.Debug|x64.Build.0 = Debug|x64
		{8EB4BD96-CF33-3B03-802B-891F8D97326B}.MinSizeRel|x64.ActiveCfg = MinSizeRel|x64
		{8EB4BD96-CF33-3B03-802B-891F8D97326B}.MinSizeRel|x64.Build.0 = MinSizeRel|x64
		{8EB4BD96-CF33-3B03-802B-891F8D97326B}.Release|x64.ActiveCfg = Release|x64
		{8EB4BD96-CF33-3B03-802B-891F8D97326B}.Release|x64.Build.0 = Release|x64
		{8EB4BD96-CF33-3B03-802B-891F8D97326B}.RelWithDebInfo|x64.ActiveCfg = RelWithDebInfo|x64
		{8EB4BD96-CF33-3B03-802B-891F8D97326B}.RelWithDebInfo|x64.Build.0 = RelWithDebInfo|x64
		{49F03DC4-576E-343C-A643-B109F4F699FC}.Debug|x64.ActiveCfg = Debug|x64
		{49F03DC4-576E-343C-A643-B109F4F699FC}.Debug|x64.Build.0 = Debug|x64
		{49F03DC4-576E-343C-A643-B109F4F699FC}.MinSizeRel|x64.ActiveCfg = MinSizeRel|x64
		{49F03DC4-576E-343C-A643-B109F4F699FC}.MinSizeRel|x64.Build.0 = MinSizeRel|x64
		{49F03DC4-576E-343C-A643-B109F4F699FC}.Release|x64.ActiveCfg = Release|x64
		{49F03DC4-576E-343C-A643-B109F4F699FC}.Release|x64.Build.0 = Release|x64
		{49F03DC4-576E-343C-A643-B109F4F699FC}.RelWithDebInfo|x64.ActiveCfg = RelWithDebInfo|x64
		{49F03DC4-576E-343C-A643-B109F4F699FC}.RelWithDebInfo|x64.Build.0 = RelWithDebInfo|x64
		{A995B88F-35B2-38FE-9244-45ED964D0600}.Debug|x64.ActiveCfg = Debug|x64
		{A995B88F-35B2-38FE-9244-45ED964D0600}.Debug|x64.Build.0 = Debug|x64
		{A995B88F-35B2-38FE-9244-45ED964D0600}.MinSizeRel|x64.ActiveCfg = MinSizeRel|x64
		{A995B88F-35B2-38FE-9244-45ED964D0600}.MinSizeRel|x64.Build.0 = MinSizeRel|x64
		{A995B88F-35B2-38FE-9244-45ED964D0600}.Release|x64.ActiveCfg = Release|x64
		{A995B88F-35B2-38FE-9244-45ED964D0600}.Release|x64.Build.0 = Release|x64
		{A995B88F-35B2-38FE-9244-45ED964D0600}.RelWithDebInfo|x64.ActiveCfg = RelWithDebInfo|x64
		{A995B88F-35B2-38FE-9244-45ED964D0600}.RelWithDebInfo|x64.Build.0 = RelWithDebInfo|x64
		{E76EB1DD-F5EB-3EF5-83DC-302451815248}.Debug|x64.ActiveCfg = Debug|x64
		{E76EB1DD-F5EB-3EF5-83DC-302451815248}.Debug|x64.Build.0 = Debug|x64
		{E76EB1DD-F5EB-3EF5-83DC-302451815248}.MinSizeRel|x64.ActiveCfg = MinSizeRel|x64
		{E76EB1DD-F5EB-3EF5-83DC-302451815248}.MinSizeRel|x64.Build.0 = MinSizeRel|x64
		{E76EB1DD-F5EB-3EF5-83DC-302451815248}.Release|x64.ActiveCfg = Release|x64
		{E76EB1DD-F5EB-3EF5-83DC-302451815248}.Release|x64.Build.0 = Release|x64
		{E76EB1DD-F5EB-3EF5-83DC-302451815248}.RelWithDebInfo|x64.ActiveCfg = RelWithDebInfo|x64
		{E76EB1DD-F5EB-3EF5-83DC-302451815248}.RelWithDebInfo|x64.Build.0 = RelWithDebInfo|x64
		{CECAAFB9-87B2-389E-A7AC-6D55CDB0810C}.Debug|x64.ActiveCfg = Debug|x64
		{CECAAFB9-87B2-389E-A7AC-6D55CDB0810C}.Debug|x64.Build.0 = Debug|x64
		{CECAAFB9-87B2-389E-A7AC-6D55CDB0810C}.MinSizeRel|x64.ActiveCfg = MinSizeRel|x64
		{CECAAFB9-87B2-389E-A7AC-6D55CDB0810C}.MinSizeRel|x64.Build.0 = MinSizeRel|x64
		{CECAAFB9-87B2-389E-A7AC-6D55CDB0810C}.Release|x64.ActiveCfg = Release|x64
		{CECAAFB9-87B2-389E-A7AC-6D55CDB0810C}.Release|x64.Build.0 = Release|x64
		{CECAAFB9-87B2-389E-A7AC-6D55CDB0810C}.RelWithDebInfo|x64.ActiveCfg = RelWithDebInfo|x64
		{CECAAFB9-87B2-389E-A7AC-6D55CDB0810C}.RelWithDebInfo|x64.Build.0 = RelWithDebInfo|x64
		{098BBA92-0405-38A8-A35B-D8F8C6A5B53E}.Debug|x64.ActiveCfg = Debug|x64
		{098BBA92-0405-38A8-A35B-D8F8C6A5B53E}.Debug|x64.Build.0 = Debug|x64
		{098BBA92-0405-38A8-A35B-D8F8C6A5B53E}.MinSizeRel|x64.ActiveCfg = MinSizeRel|x64
		{098BBA92-0405-38A8-A35B-D8F8C6A5B53E}.MinSizeRel|x64.Build.0 = MinSizeRel|x64
		{098BBA92-0405-38A8-A35B-D8F8C6A5B53E}.Release|x64.ActiveCfg = Release|x64
		{098BBA92-0405-38A8-A35B-D8F8C6A5B53E}.Release|x64.Build.0 = Release|x64
		{098BBA92-0405-38A8-A35B-D8F8C6A5B53E}.RelWithDebInfo|x64.ActiveCfg = RelWithDebInfo|x64
		{098BBA92-0405-38A8-A35B-D8F8C6A5B53E}.RelWithDebInfo|x64.Build.0 = RelWithDebInfo|x64
	EndGlobalSection
	GlobalSection(SolutionProperties) = preSolution
		HideSolutionNode = FALSE
	EndGlobalSection
	GlobalSection(NestedProjects) = preSolution
		{82B05DDF-52A1-32D3-9F04-942D45C878CA} = {3E726C35-8746-3C2A-B359-23C1F516736C}
		{7BC6A3B0-A033-3F0B-BCE4-2456129EA04F} = {3E726C35-8746-3C2A-B359-23C1F516736C}
		{8EB4BD96-CF33-3B03-802B-891F8D97326B} = {0C3F39D8-CFC8-3375-8DC9-856DA61BCA21}
	EndGlobalSection
	GlobalSection(ExtensibilityGlobals) = postSolution
		SolutionGuid = {DA15A37B-44E0-3EA4-AD19-0F297CCB5D5A}
	EndGlobalSection
EndGlobal
